
Microsoft Visual Studio Solution File, Format Version 12.00
# Visual Studio 2012
Project("{FAE04EC0-301F-11D3-BF4B-00C04F79EFBC}") = "Disemvowler", "Disemvowler\Disemvowler.csproj", "{1AB722C6-031B-44E7-BAB1-3CE9E211E36B}"
EndProject
Global
	GlobalSection(SolutionConfigurationPlatforms) = preSolution
		Debug|Any CPU = Debug|Any CPU
		Release|Any CPU = Release|Any CPU
	EndGlobalSection
	GlobalSection(ProjectConfigurationPlatforms) = postSolution
		{1AB722C6-031B-44E7-BAB1-3CE9E211E36B}.Debug|Any CPU.ActiveCfg = Debug|Any CPU
		{1AB722C6-031B-44E7-BAB1-3CE9E211E36B}.Debug|Any CPU.Build.0 = Debug|Any CPU
		{1AB722C6-031B-44E7-BAB1-3CE9E211E36B}.Release|Any CPU.ActiveCfg = Release|Any CPU
		{1AB722C6-031B-44E7-BAB1-3CE9E211E36B}.Release|Any CPU.Build.0 = Release|Any CPU
	EndGlobalSection
	GlobalSection(SolutionProperties) = preSolution
		HideSolutionNode = FALSE
	EndGlobalSection
EndGlobal
